
Microsoft Visual Studio Solution File, Format Version 12.00
# Visual Studio Version 17
VisualStudioVersion = 17.11.35222.181
MinimumVisualStudioVersion = 10.0.40219.1
Project("{8BC9CEB8-8B4A-11D0-8D11-00A0C91BC942}") = "Lx_cameraS10", "Lx_cameraS10\Lx_cameraS10.vcxproj", "{B4A72FB9-8EC8-4F70-AFB1-D21B7953EFCA}"
EndProject
Global
	GlobalSection(SolutionConfigurationPlatforms) = preSolution
		Debug|x64 = Debug|x64
		Release|x64 = Release|x64
	EndGlobalSection
	GlobalSection(ProjectConfigurationPlatforms) = postSolution
		{B4A72FB9-8EC8-4F70-AFB1-D21B7953EFCA}.Debug|x64.ActiveCfg = Debug|x64
		{B4A72FB9-8EC8-4F70-AFB1-D21B7953EFCA}.Debug|x64.Build.0 = Debug|x64
		{B4A72FB9-8EC8-4F70-AFB1-D21B7953EFCA}.Release|x64.ActiveCfg = Release|x64
		{B4A72FB9-8EC8-4F70-AFB1-D21B7953EFCA}.Release|x64.Build.0 = Release|x64
	EndGlobalSection
	GlobalSection(SolutionProperties) = preSolution
		HideSolutionNode = FALSE
	EndGlobalSection
	GlobalSection(ExtensibilityGlobals) = postSolution
		SolutionGuid = {22EE8D35-FCC3-4575-981E-FB52291E835D}
	EndGlobalSection
EndGlobal
